
Microsoft Visual Studio Solution File, Format Version 12.00
# Visual Studio Version 16
VisualStudioVersion = 16.0.29613.14
MinimumVisualStudioVersion = 10.0.40219.1
Project("{9A19103F-16F7-4668-BE54-9A1E7A4F7556}") = "ElevatorCompany.Models", "ElevatorCompany.Models\ElevatorCompany.Models.csproj", "{5975CEA2-9C7B-4514-A46F-49B0223902BA}"
EndProject
Project("{FAE04EC0-301F-11D3-BF4B-00C04F79EFBC}") = "ElevatorCompany.Services", "ElevatorCompany.Services\ElevatorCompany.Services.csproj", "{3F7E5B07-91FA-4881-A030-3C030B3623CD}"
EndProject
Project("{FAE04EC0-301F-11D3-BF4B-00C04F79EFBC}") = "ElevatorCompany.Tests", "ElevatorCompany.Tests\ElevatorCompany.Tests.csproj", "{566EAA73-92C6-4922-9D66-A045A72FC197}"
EndProject
Project("{FAE04EC0-301F-11D3-BF4B-00C04F79EFBC}") = "ElevatorCompany.LiftConsole", "ElevatorCompany.Console\ElevatorCompany.LiftConsole.csproj", "{D7D06618-DF8F-4843-AED6-36D634DD7AB7}"
EndProject
Global
	GlobalSection(SolutionConfigurationPlatforms) = preSolution
		Debug|Any CPU = Debug|Any CPU
		Release|Any CPU = Release|Any CPU
	EndGlobalSection
	GlobalSection(ProjectConfigurationPlatforms) = postSolution
		{5975CEA2-9C7B-4514-A46F-49B0223902BA}.Debug|Any CPU.ActiveCfg = Debug|Any CPU
		{5975CEA2-9C7B-4514-A46F-49B0223902BA}.Debug|Any CPU.Build.0 = Debug|Any CPU
		{5975CEA2-9C7B-4514-A46F-49B0223902BA}.Release|Any CPU.ActiveCfg = Release|Any CPU
		{5975CEA2-9C7B-4514-A46F-49B0223902BA}.Release|Any CPU.Build.0 = Release|Any CPU
		{3F7E5B07-91FA-4881-A030-3C030B3623CD}.Debug|Any CPU.ActiveCfg = Debug|Any CPU
		{3F7E5B07-91FA-4881-A030-3C030B3623CD}.Debug|Any CPU.Build.0 = Debug|Any CPU
		{3F7E5B07-91FA-4881-A030-3C030B3623CD}.Release|Any CPU.ActiveCfg = Release|Any CPU
		{3F7E5B07-91FA-4881-A030-3C030B3623CD}.Release|Any CPU.Build.0 = Release|Any CPU
		{566EAA73-92C6-4922-9D66-A045A72FC197}.Debug|Any CPU.ActiveCfg = Debug|Any CPU
		{566EAA73-92C6-4922-9D66-A045A72FC197}.Debug|Any CPU.Build.0 = Debug|Any CPU
		{566EAA73-92C6-4922-9D66-A045A72FC197}.Release|Any CPU.ActiveCfg = Release|Any CPU
		{566EAA73-92C6-4922-9D66-A045A72FC197}.Release|Any CPU.Build.0 = Release|Any CPU
		{D7D06618-DF8F-4843-AED6-36D634DD7AB7}.Debug|Any CPU.ActiveCfg = Debug|Any CPU
		{D7D06618-DF8F-4843-AED6-36D634DD7AB7}.Debug|Any CPU.Build.0 = Debug|Any CPU
		{D7D06618-DF8F-4843-AED6-36D634DD7AB7}.Release|Any CPU.ActiveCfg = Release|Any CPU
		{D7D06618-DF8F-4843-AED6-36D634DD7AB7}.Release|Any CPU.Build.0 = Release|Any CPU
	EndGlobalSection
	GlobalSection(SolutionProperties) = preSolution
		HideSolutionNode = FALSE
	EndGlobalSection
	GlobalSection(ExtensibilityGlobals) = postSolution
		SolutionGuid = {1A50F066-8756-417D-A4EB-D953DDAA752A}
	EndGlobalSection
EndGlobal
